
Microsoft Visual Studio Solution File, Format Version 12.00
# Visual Studio Version 17
VisualStudioVersion = 17.0.31903.59
MinimumVisualStudioVersion = 10.0.40219.1
Project("{2150E333-8FDC-42A3-9474-1A3956D46DE8}") = "src", "src", "{48107061-5BFC-432A-8596-9F5317640928}"
EndProject
Project("{9A19103F-16F7-4668-BE54-9A1E7A4F7556}") = "Spice", "src\Spice\Spice.csproj", "{7CE31213-ADE5-48C4-8767-CCB81F506687}"
EndProject
Project("{2150E333-8FDC-42A3-9474-1A3956D46DE8}") = "samples", "samples", "{3B2FB0DA-F456-4440-958A-54952C24F498}"
EndProject
Project("{9A19103F-16F7-4668-BE54-9A1E7A4F7556}") = "Spice.HelloWorld", "samples\Spice.HelloWorld\Spice.HelloWorld.csproj", "{ACFD1D42-5303-4ACE-BC79-6A32CC3675B6}"
EndProject
Project("{2150E333-8FDC-42A3-9474-1A3956D46DE8}") = "tests", "tests", "{F5353B45-FDD2-4EE7-980A-FB84A87879F1}"
EndProject
Project("{FAE04EC0-301F-11D3-BF4B-00C04F79EFBC}") = "Spice.Tests", "tests\Spice.Tests\Spice.Tests.csproj", "{A341C61E-BE06-4C5E-A5CE-577A1B2F2CAA}"
EndProject
Project("{FAE04EC0-301F-11D3-BF4B-00C04F79EFBC}") = "Spice.Templates", "src\Spice.Templates\Spice.Templates.csproj", "{B6D2589D-8C59-4BBF-8540-36A37160735A}"
EndProject
Global
	GlobalSection(SolutionConfigurationPlatforms) = preSolution
		Debug|Any CPU = Debug|Any CPU
		Release|Any CPU = Release|Any CPU
	EndGlobalSection
	GlobalSection(ProjectConfigurationPlatforms) = postSolution
		{7CE31213-ADE5-48C4-8767-CCB81F506687}.Debug|Any CPU.ActiveCfg = Debug|Any CPU
		{7CE31213-ADE5-48C4-8767-CCB81F506687}.Debug|Any CPU.Build.0 = Debug|Any CPU
		{7CE31213-ADE5-48C4-8767-CCB81F506687}.Release|Any CPU.ActiveCfg = Release|Any CPU
		{7CE31213-ADE5-48C4-8767-CCB81F506687}.Release|Any CPU.Build.0 = Release|Any CPU
		{ACFD1D42-5303-4ACE-BC79-6A32CC3675B6}.Debug|Any CPU.ActiveCfg = Debug|Any CPU
		{ACFD1D42-5303-4ACE-BC79-6A32CC3675B6}.Debug|Any CPU.Build.0 = Debug|Any CPU
		{ACFD1D42-5303-4ACE-BC79-6A32CC3675B6}.Debug|Any CPU.Deploy.0 = Debug|Any CPU
		{ACFD1D42-5303-4ACE-BC79-6A32CC3675B6}.Release|Any CPU.ActiveCfg = Release|Any CPU
		{ACFD1D42-5303-4ACE-BC79-6A32CC3675B6}.Release|Any CPU.Build.0 = Release|Any CPU
		{ACFD1D42-5303-4ACE-BC79-6A32CC3675B6}.Release|Any CPU.Deploy.0 = Release|Any CPU
		{A341C61E-BE06-4C5E-A5CE-577A1B2F2CAA}.Debug|Any CPU.ActiveCfg = Debug|Any CPU
		{A341C61E-BE06-4C5E-A5CE-577A1B2F2CAA}.Debug|Any CPU.Build.0 = Debug|Any CPU
		{A341C61E-BE06-4C5E-A5CE-577A1B2F2CAA}.Release|Any CPU.ActiveCfg = Release|Any CPU
		{A341C61E-BE06-4C5E-A5CE-577A1B2F2CAA}.Release|Any CPU.Build.0 = Release|Any CPU
		{B6D2589D-8C59-4BBF-8540-36A37160735A}.Debug|Any CPU.ActiveCfg = Debug|Any CPU
		{B6D2589D-8C59-4BBF-8540-36A37160735A}.Debug|Any CPU.Build.0 = Debug|Any CPU
		{B6D2589D-8C59-4BBF-8540-36A37160735A}.Release|Any CPU.ActiveCfg = Release|Any CPU
		{B6D2589D-8C59-4BBF-8540-36A37160735A}.Release|Any CPU.Build.0 = Release|Any CPU
	EndGlobalSection
	GlobalSection(SolutionProperties) = preSolution
		HideSolutionNode = FALSE
	EndGlobalSection
	GlobalSection(NestedProjects) = preSolution
		{7CE31213-ADE5-48C4-8767-CCB81F506687} = {48107061-5BFC-432A-8596-9F5317640928}
		{ACFD1D42-5303-4ACE-BC79-6A32CC3675B6} = {3B2FB0DA-F456-4440-958A-54952C24F498}
		{A341C61E-BE06-4C5E-A5CE-577A1B2F2CAA} = {F5353B45-FDD2-4EE7-980A-FB84A87879F1}
		{B6D2589D-8C59-4BBF-8540-36A37160735A} = {48107061-5BFC-432A-8596-9F5317640928}
	EndGlobalSection
EndGlobal
